// !$*UTF8*$!
{
	archiveVersion = 1;
	classes = {
	};
	objectVersion = 56;
	objects = {

/* Begin PBXFileReference section */
		295A13C8292A83920015C5A5 /* NGCustomDatabaseRecord.cpp */ = {isa = PBXFileReference; lastKnownFileType = sourcecode.cpp.cpp; path = NGCustomDatabaseRecord.cpp; sourceTree = "<group>"; };
		295A13C9292A83920015C5A5 /* NGCustomDatabaseRecord.h */ = {isa = PBXFileReference; lastKnownFileType = sourcecode.c.h; path = NGCustomDatabaseRecord.h; sourceTree = "<group>"; };
		295A13CB292A841C0015C5A5 /* DatabaseRecord.ino */ = {isa = PBXFileReference; lastKnownFileType = text; path = DatabaseRecord.ino; sourceTree = "<group>"; };
		295A13CC292A85EA0015C5A5 /* NGExampleDatabaseRecord.cpp */ = {isa = PBXFileReference; lastKnownFileType = sourcecode.cpp.cpp; path = NGExampleDatabaseRecord.cpp; sourceTree = "<group>"; };
		295A13CD292A85EA0015C5A5 /* NGExampleDatabaseRecord.h */ = {isa = PBXFileReference; lastKnownFileType = sourcecode.c.h; path = NGExampleDatabaseRecord.h; sourceTree = "<group>"; };
		2992F1092924024900A91B2A /* README.md */ = {isa = PBXFileReference; lastKnownFileType = net.daringfireball.markdown; path = README.md; sourceTree = "<group>"; };
		2992F10A2924035600A91B2A /* LICENSE */ = {isa = PBXFileReference; lastKnownFileType = text; path = LICENSE; sourceTree = "<group>"; };
		2992F10B292403AB00A91B2A /* library.properties */ = {isa = PBXFileReference; lastKnownFileType = text; path = library.properties; sourceTree = "<group>"; };
		2992F10C292403FD00A91B2A /* keywords.txt */ = {isa = PBXFileReference; lastKnownFileType = text; path = keywords.txt; sourceTree = "<group>"; };
		2992F10E2924049E00A91B2A /* NGCustomDataStorage.cpp */ = {isa = PBXFileReference; lastKnownFileType = sourcecode.cpp.cpp; path = NGCustomDataStorage.cpp; sourceTree = "<group>"; };
		2992F10F2924049E00A91B2A /* NGCustomDataStorage.h */ = {isa = PBXFileReference; lastKnownFileType = sourcecode.c.h; path = NGCustomDataStorage.h; sourceTree = "<group>"; };
		2992F111292404ED00A91B2A /* NGSDDataStorage.cpp */ = {isa = PBXFileReference; lastKnownFileType = sourcecode.cpp.cpp; path = NGSDDataStorage.cpp; sourceTree = "<group>"; };
		2992F112292404ED00A91B2A /* NGSDDataStorage.h */ = {isa = PBXFileReference; lastKnownFileType = sourcecode.c.h; path = NGSDDataStorage.h; sourceTree = "<group>"; };
		2992F1142924072600A91B2A /* SDCard.ino */ = {isa = PBXFileReference; lastKnownFileType = text; path = SDCard.ino; sourceTree = "<group>"; };
		2992F117292407D700A91B2A /* SDDataStorage.ino */ = {isa = PBXFileReference; lastKnownFileType = text; path = SDDataStorage.ino; sourceTree = "<group>"; };
		2992F11A2924095000A91B2A /* ToDo.txt */ = {isa = PBXFileReference; lastKnownFileType = text; path = ToDo.txt; sourceTree = "<group>"; };
/* End PBXFileReference section */

/* Begin PBXGroup section */
		295A13CA292A83F70015C5A5 /* DatabaseRecord */ = {
			isa = PBXGroup;
			children = (
				295A13CB292A841C0015C5A5 /* DatabaseRecord.ino */,
			);
			path = DatabaseRecord;
			sourceTree = "<group>";
		};
		2992F1022923FE6100A91B2A = {
			isa = PBXGroup;
			children = (
				2992F1192924092400A91B2A /* docs */,
				2992F10C292403FD00A91B2A /* keywords.txt */,
				2992F10B292403AB00A91B2A /* library.properties */,
				2992F10A2924035600A91B2A /* LICENSE */,
				2992F1092924024900A91B2A /* README.md */,
				2992F113292406CC00A91B2A /* examples */,
				2992F10D2924044C00A91B2A /* src */,
			);
			sourceTree = "<group>";
		};
		2992F10D2924044C00A91B2A /* src */ = {
			isa = PBXGroup;
			children = (
				295A13C9292A83920015C5A5 /* NGCustomDatabaseRecord.h */,
				295A13C8292A83920015C5A5 /* NGCustomDatabaseRecord.cpp */,
				2992F10F2924049E00A91B2A /* NGCustomDataStorage.h */,
				2992F10E2924049E00A91B2A /* NGCustomDataStorage.cpp */,
				295A13CD292A85EA0015C5A5 /* NGExampleDatabaseRecord.h */,
				295A13CC292A85EA0015C5A5 /* NGExampleDatabaseRecord.cpp */,
				2992F112292404ED00A91B2A /* NGSDDataStorage.h */,
				2992F111292404ED00A91B2A /* NGSDDataStorage.cpp */,
			);
			path = src;
			sourceTree = "<group>";
		};
		2992F113292406CC00A91B2A /* examples */ = {
			isa = PBXGroup;
			children = (
				295A13CA292A83F70015C5A5 /* DatabaseRecord */,
				2992F1162924078300A91B2A /* SDCard */,
				2992F1152924073600A91B2A /* SDDataStorage */,
			);
			path = examples;
			sourceTree = "<group>";
		};
		2992F1152924073600A91B2A /* SDDataStorage */ = {
			isa = PBXGroup;
			children = (
				2992F117292407D700A91B2A /* SDDataStorage.ino */,
			);
			path = SDDataStorage;
			sourceTree = "<group>";
		};
		2992F1162924078300A91B2A /* SDCard */ = {
			isa = PBXGroup;
			children = (
				2992F1142924072600A91B2A /* SDCard.ino */,
			);
			path = SDCard;
			sourceTree = "<group>";
		};
		2992F1192924092400A91B2A /* docs */ = {
			isa = PBXGroup;
			children = (
				2992F11A2924095000A91B2A /* ToDo.txt */,
			);
			path = docs;
			sourceTree = "<group>";
		};
/* End PBXGroup section */

/* Begin PBXProject section */
		2992F1032923FE6100A91B2A /* Project object */ = {
			isa = PBXProject;
			attributes = {
				BuildIndependentTargetsInParallel = 1;
				LastUpgradeCheck = 1410;
			};
			buildConfigurationList = 2992F1062923FE6100A91B2A /* Build configuration list for PBXProject "NGEngineDatabase" */;
			compatibilityVersion = "Xcode 14.0";
			developmentRegion = en;
			hasScannedForEncodings = 0;
			knownRegions = (
				en,
				Base,
			);
			mainGroup = 2992F1022923FE6100A91B2A;
			projectDirPath = "";
			projectRoot = "";
			targets = (
			);
		};
/* End PBXProject section */

/* Begin XCBuildConfiguration section */
		2992F1072923FE6100A91B2A /* Debug */ = {
			isa = XCBuildConfiguration;
			buildSettings = {
			};
			name = Debug;
		};
		2992F1082923FE6100A91B2A /* Release */ = {
			isa = XCBuildConfiguration;
			buildSettings = {
			};
			name = Release;
		};
/* End XCBuildConfiguration section */

/* Begin XCConfigurationList section */
		2992F1062923FE6100A91B2A /* Build configuration list for PBXProject "NGEngineDatabase" */ = {
			isa = XCConfigurationList;
			buildConfigurations = (
				2992F1072923FE6100A91B2A /* Debug */,
				2992F1082923FE6100A91B2A /* Release */,
			);
			defaultConfigurationIsVisible = 0;
			defaultConfigurationName = Release;
		};
/* End XCConfigurationList section */
	};
	rootObject = 2992F1032923FE6100A91B2A /* Project object */;
}
